
Microsoft Visual Studio Solution File, Format Version 12.00
# Visual Studio 15
VisualStudioVersion = 15.0.28307.779
MinimumVisualStudioVersion = 10.0.40219.1
Project("{8BC9CEB8-8B4A-11D0-8D11-00A0C91BC942}") = "KAA-2019", "KAA-2019\KAA-2019.vcxproj", "{D03991B2-8089-46B2-BCC5-ABD705581D75}"
EndProject
Global
	GlobalSection(SolutionConfigurationPlatforms) = preSolution
		Debug|x64 = Debug|x64
		Debug|x86 = Debug|x86
		Release|x64 = Release|x64
		Release|x86 = Release|x86
	EndGlobalSection
	GlobalSection(ProjectConfigurationPlatforms) = postSolution
		{D03991B2-8089-46B2-BCC5-ABD705581D75}.Debug|x64.ActiveCfg = Debug|x64
		{D03991B2-8089-46B2-BCC5-ABD705581D75}.Debug|x64.Build.0 = Debug|x64
		{D03991B2-8089-46B2-BCC5-ABD705581D75}.Debug|x86.ActiveCfg = Debug|Win32
		{D03991B2-8089-46B2-BCC5-ABD705581D75}.Debug|x86.Build.0 = Debug|Win32
		{D03991B2-8089-46B2-BCC5-ABD705581D75}.Release|x64.ActiveCfg = Release|x64
		{D03991B2-8089-46B2-BCC5-ABD705581D75}.Release|x64.Build.0 = Release|x64
		{D03991B2-8089-46B2-BCC5-ABD705581D75}.Release|x86.ActiveCfg = Release|Win32
		{D03991B2-8089-46B2-BCC5-ABD705581D75}.Release|x86.Build.0 = Release|Win32
	EndGlobalSection
	GlobalSection(SolutionProperties) = preSolution
		HideSolutionNode = FALSE
	EndGlobalSection
	GlobalSection(ExtensibilityGlobals) = postSolution
		SolutionGuid = {5FF6C4FD-E56B-4B76-AA4F-6AF543D0B5A6}
	EndGlobalSection
EndGlobal
